
Microsoft Visual Studio Solution File, Format Version 11.00
# Visual Studio 2010
Project("{FAE04EC0-301F-11D3-BF4B-00C04F79EFBC}") = "TicTacToe", "TicTacToe\TicTacToe.csproj", "{05905177-DD78-420A-AEAD-51B9D118B281}"
EndProject
Project("{FAE04EC0-301F-11D3-BF4B-00C04F79EFBC}") = "TicTacToeBL", "TicTacToeBL\TicTacToeBL.csproj", "{EF62BE3A-1D7B-4DB5-9A1A-5B5FF257528B}"
EndProject
Project("{FAE04EC0-301F-11D3-BF4B-00C04F79EFBC}") = "DAL", "DAL\DAL.csproj", "{8F296F9E-0827-421B-B9AE-AECF51B8B77F}"
EndProject
Project("{FAE04EC0-301F-11D3-BF4B-00C04F79EFBC}") = "Entities", "Entities\Entities.csproj", "{ABA73424-6575-46EB-B9B5-869636D13669}"
EndProject
Project("{FAE04EC0-301F-11D3-BF4B-00C04F79EFBC}") = "TicTacToe.SignalR", "TicTacToe.SignalR\TicTacToe.SignalR.csproj", "{FDA9F5CD-34AD-4033-8E18-736D2F17C58F}"
EndProject
Project("{2150E333-8FDC-42A3-9474-1A3956D46DE8}") = ".nuget", ".nuget", "{8FFB8022-D26B-40BC-A2A2-E68161C089FB}"
	ProjectSection(SolutionItems) = preProject
		.nuget\packages.config = .nuget\packages.config
	EndProjectSection
EndProject
Global
	GlobalSection(SolutionConfigurationPlatforms) = preSolution
		Debug|Any CPU = Debug|Any CPU
		Debug|Mixed Platforms = Debug|Mixed Platforms
		Debug|x86 = Debug|x86
		Release|Any CPU = Release|Any CPU
		Release|Mixed Platforms = Release|Mixed Platforms
		Release|x86 = Release|x86
	EndGlobalSection
	GlobalSection(ProjectConfigurationPlatforms) = postSolution
		{05905177-DD78-420A-AEAD-51B9D118B281}.Debug|Any CPU.ActiveCfg = Debug|x86
		{05905177-DD78-420A-AEAD-51B9D118B281}.Debug|Mixed Platforms.ActiveCfg = Debug|x86
		{05905177-DD78-420A-AEAD-51B9D118B281}.Debug|Mixed Platforms.Build.0 = Debug|x86
		{05905177-DD78-420A-AEAD-51B9D118B281}.Debug|x86.ActiveCfg = Debug|x86
		{05905177-DD78-420A-AEAD-51B9D118B281}.Debug|x86.Build.0 = Debug|x86
		{05905177-DD78-420A-AEAD-51B9D118B281}.Release|Any CPU.ActiveCfg = Release|x86
		{05905177-DD78-420A-AEAD-51B9D118B281}.Release|Mixed Platforms.ActiveCfg = Release|x86
		{05905177-DD78-420A-AEAD-51B9D118B281}.Release|Mixed Platforms.Build.0 = Release|x86
		{05905177-DD78-420A-AEAD-51B9D118B281}.Release|x86.ActiveCfg = Release|x86
		{05905177-DD78-420A-AEAD-51B9D118B281}.Release|x86.Build.0 = Release|x86
		{EF62BE3A-1D7B-4DB5-9A1A-5B5FF257528B}.Debug|Any CPU.ActiveCfg = Debug|Any CPU
		{EF62BE3A-1D7B-4DB5-9A1A-5B5FF257528B}.Debug|Any CPU.Build.0 = Debug|Any CPU
		{EF62BE3A-1D7B-4DB5-9A1A-5B5FF257528B}.Debug|Mixed Platforms.ActiveCfg = Debug|Any CPU
		{EF62BE3A-1D7B-4DB5-9A1A-5B5FF257528B}.Debug|Mixed Platforms.Build.0 = Debug|Any CPU
		{EF62BE3A-1D7B-4DB5-9A1A-5B5FF257528B}.Debug|x86.ActiveCfg = Debug|Any CPU
		{EF62BE3A-1D7B-4DB5-9A1A-5B5FF257528B}.Release|Any CPU.ActiveCfg = Release|Any CPU
		{EF62BE3A-1D7B-4DB5-9A1A-5B5FF257528B}.Release|Any CPU.Build.0 = Release|Any CPU
		{EF62BE3A-1D7B-4DB5-9A1A-5B5FF257528B}.Release|Mixed Platforms.ActiveCfg = Release|Any CPU
		{EF62BE3A-1D7B-4DB5-9A1A-5B5FF257528B}.Release|Mixed Platforms.Build.0 = Release|Any CPU
		{EF62BE3A-1D7B-4DB5-9A1A-5B5FF257528B}.Release|x86.ActiveCfg = Release|Any CPU
		{8F296F9E-0827-421B-B9AE-AECF51B8B77F}.Debug|Any CPU.ActiveCfg = Debug|Any CPU
		{8F296F9E-0827-421B-B9AE-AECF51B8B77F}.Debug|Any CPU.Build.0 = Debug|Any CPU
		{8F296F9E-0827-421B-B9AE-AECF51B8B77F}.Debug|Mixed Platforms.ActiveCfg = Debug|Any CPU
		{8F296F9E-0827-421B-B9AE-AECF51B8B77F}.Debug|Mixed Platforms.Build.0 = Debug|Any CPU
		{8F296F9E-0827-421B-B9AE-AECF51B8B77F}.Debug|x86.ActiveCfg = Debug|Any CPU
		{8F296F9E-0827-421B-B9AE-AECF51B8B77F}.Release|Any CPU.ActiveCfg = Release|Any CPU
		{8F296F9E-0827-421B-B9AE-AECF51B8B77F}.Release|Any CPU.Build.0 = Release|Any CPU
		{8F296F9E-0827-421B-B9AE-AECF51B8B77F}.Release|Mixed Platforms.ActiveCfg = Release|Any CPU
		{8F296F9E-0827-421B-B9AE-AECF51B8B77F}.Release|Mixed Platforms.Build.0 = Release|Any CPU
		{8F296F9E-0827-421B-B9AE-AECF51B8B77F}.Release|x86.ActiveCfg = Release|Any CPU
		{ABA73424-6575-46EB-B9B5-869636D13669}.Debug|Any CPU.ActiveCfg = Debug|Any CPU
		{ABA73424-6575-46EB-B9B5-869636D13669}.Debug|Any CPU.Build.0 = Debug|Any CPU
		{ABA73424-6575-46EB-B9B5-869636D13669}.Debug|Mixed Platforms.ActiveCfg = Debug|Any CPU
		{ABA73424-6575-46EB-B9B5-869636D13669}.Debug|Mixed Platforms.Build.0 = Debug|Any CPU
		{ABA73424-6575-46EB-B9B5-869636D13669}.Debug|x86.ActiveCfg = Debug|Any CPU
		{ABA73424-6575-46EB-B9B5-869636D13669}.Release|Any CPU.ActiveCfg = Release|Any CPU
		{ABA73424-6575-46EB-B9B5-869636D13669}.Release|Any CPU.Build.0 = Release|Any CPU
		{ABA73424-6575-46EB-B9B5-869636D13669}.Release|Mixed Platforms.ActiveCfg = Release|Any CPU
		{ABA73424-6575-46EB-B9B5-869636D13669}.Release|Mixed Platforms.Build.0 = Release|Any CPU
		{ABA73424-6575-46EB-B9B5-869636D13669}.Release|x86.ActiveCfg = Release|Any CPU
		{FDA9F5CD-34AD-4033-8E18-736D2F17C58F}.Debug|Any CPU.ActiveCfg = Debug|Any CPU
		{FDA9F5CD-34AD-4033-8E18-736D2F17C58F}.Debug|Any CPU.Build.0 = Debug|Any CPU
		{FDA9F5CD-34AD-4033-8E18-736D2F17C58F}.Debug|Mixed Platforms.ActiveCfg = Debug|Any CPU
		{FDA9F5CD-34AD-4033-8E18-736D2F17C58F}.Debug|Mixed Platforms.Build.0 = Debug|Any CPU
		{FDA9F5CD-34AD-4033-8E18-736D2F17C58F}.Debug|x86.ActiveCfg = Debug|Any CPU
		{FDA9F5CD-34AD-4033-8E18-736D2F17C58F}.Release|Any CPU.ActiveCfg = Release|Any CPU
		{FDA9F5CD-34AD-4033-8E18-736D2F17C58F}.Release|Any CPU.Build.0 = Release|Any CPU
		{FDA9F5CD-34AD-4033-8E18-736D2F17C58F}.Release|Mixed Platforms.ActiveCfg = Release|Any CPU
		{FDA9F5CD-34AD-4033-8E18-736D2F17C58F}.Release|Mixed Platforms.Build.0 = Release|Any CPU
		{FDA9F5CD-34AD-4033-8E18-736D2F17C58F}.Release|x86.ActiveCfg = Release|Any CPU
	EndGlobalSection
	GlobalSection(SolutionProperties) = preSolution
		HideSolutionNode = FALSE
	EndGlobalSection
EndGlobal
